# This file was autogenerated by Stack.
# You should not edit this file by hand.
# For more information, please see the documentation at:
#   https://docs.haskellstack.org/en/stable/lock_files

packages:
- completed:
    hackage: ed25519-donna-0.1.1@sha256:344c0bb83603ed896012f441e54b380314dc4910320577cd18a9071e34f24fe9,2358
    pantry-tree:
      size: 2298
      sha256: a2a0790a36cf8f7a63b98a4d443c5a84f66b189b3c2c2ddd97bc9f983d5fa9ba
  original:
    hackage: ed25519-donna-0.1.1
- completed:
    hackage: prettyprinter-convert-ansi-wl-pprint-1.1@sha256:ae908ee44422c38a696858f04928d4b2448df656c09e6b5f5b1be05d99669fb0,3022
    pantry-tree:
      size: 383
      sha256: 299c3e9e248f254cd58d2cd3da13c06681c06238aa01f1f22b4aa0bb7c4b8591
  original:
    hackage: prettyprinter-convert-ansi-wl-pprint-1.1
- completed:
    hackage: megaparsec-6.5.0@sha256:a1dfed92863607ea9f7609a0578d486761a052a4d01aaff95b90f25da2564346,6119
    pantry-tree:
      size: 2533
      sha256: 8420b8dc9fa39c8e98ee0211e86d387813158bedf40ac1bf5cb5590b4ee7b509
  original:
    hackage: megaparsec-6.5.0
- completed:
    hackage: neat-interpolation-0.3.2.2@sha256:17c208f1171187e2d6beac5375f78d56458b872757616ebb2602c2bec4412879,2679
    pantry-tree:
      size: 448
      sha256: 46048ca91755d557dc8aee3ebf911f4fad901786e3190fdd527b10597aa4405e
  original:
    hackage: neat-interpolation-0.3.2.2
- completed:
    hackage: sbv-8.2@sha256:bb17f85a58fbf67cc3fd9e897f7c4a625be80da342f8903ef17e97de7c9ac2ae,18313
    pantry-tree:
      size: 52972
      sha256: b5e2f174fa20c1ef8c14cfb4e72fd35c92c35f181d042aaacce1cdf526addabd
  original:
    hackage: sbv-8.2
- completed:
    cabal-file:
      size: 4815
      sha256: ba5bd13b635cab4465b2992e1b7f3ecfa6411197e6870699740cd5c5aeb069ac
    name: thyme
    version: 0.3.6.0
    git: https://github.com/kadena-io/thyme.git
    pantry-tree:
      size: 2198
      sha256: 6d9605f1ac1e08ab60860d68e0e47773fa6e762ba032756f2d3e1e20fb905ec2
    commit: 6ee9fcb026ebdb49b810802a981d166680d867c9
  original:
    git: https://github.com/kadena-io/thyme.git
    commit: 6ee9fcb026ebdb49b810802a981d166680d867c9
snapshots:
- completed:
    size: 498402
    url: https://raw.githubusercontent.com/commercialhaskell/stackage-snapshots/master/lts/13/24.yaml
    sha256: 33e96adfe24f112b62f6edd22565cdbaa13155703bbfbfdc3d0a9bc6138ae7bf
  original: lts-13.24
